
Microsoft Visual Studio Solution File, Format Version 12.00
# Visual Studio Version 16
VisualStudioVersion = 16.0.29709.97
MinimumVisualStudioVersion = 10.0.40219.1
Project("{FAE04EC0-301F-11D3-BF4B-00C04F79EFBC}") = "ReadOnlyCollection", "Collections.ObjectModel\ReadOnlyCollection.csproj", "{580730AB-9279-4EF0-A1E9-6EB58190DC4F}"
EndProject
Global
	GlobalSection(SolutionConfigurationPlatforms) = preSolution
		Debug|Any CPU = Debug|Any CPU
		Release|Any CPU = Release|Any CPU
	EndGlobalSection
	GlobalSection(ProjectConfigurationPlatforms) = postSolution
		{580730AB-9279-4EF0-A1E9-6EB58190DC4F}.Debug|Any CPU.ActiveCfg = Debug|Any CPU
		{580730AB-9279-4EF0-A1E9-6EB58190DC4F}.Debug|Any CPU.Build.0 = Debug|Any CPU
		{580730AB-9279-4EF0-A1E9-6EB58190DC4F}.Release|Any CPU.ActiveCfg = Release|Any CPU
		{580730AB-9279-4EF0-A1E9-6EB58190DC4F}.Release|Any CPU.Build.0 = Release|Any CPU
	EndGlobalSection
	GlobalSection(SolutionProperties) = preSolution
		HideSolutionNode = FALSE
	EndGlobalSection
	GlobalSection(ExtensibilityGlobals) = postSolution
		SolutionGuid = {0CC7E7AE-9FF4-4D08-96E1-3033E934EC1D}
	EndGlobalSection
EndGlobal
